
Microsoft Visual Studio Solution File, Format Version 12.00
# Visual Studio Version 16
VisualStudioVersion = 16.0.35731.53
MinimumVisualStudioVersion = 10.0.40219.1
Project("{FAE04EC0-301F-11D3-BF4B-00C04F79EFBC}") = "wsc25s1", "wsc25s1\wsc25s1.csproj", "{4FFA9917-7DD8-427D-BFFF-25594783D494}"
EndProject
Global
	GlobalSection(SolutionConfigurationPlatforms) = preSolution
		Debug|Any CPU = Debug|Any CPU
		Release|Any CPU = Release|Any CPU
	EndGlobalSection
	GlobalSection(ProjectConfigurationPlatforms) = postSolution
		{4FFA9917-7DD8-427D-BFFF-25594783D494}.Debug|Any CPU.ActiveCfg = Debug|Any CPU
		{4FFA9917-7DD8-427D-BFFF-25594783D494}.Debug|Any CPU.Build.0 = Debug|Any CPU
		{4FFA9917-7DD8-427D-BFFF-25594783D494}.Release|Any CPU.ActiveCfg = Release|Any CPU
		{4FFA9917-7DD8-427D-BFFF-25594783D494}.Release|Any CPU.Build.0 = Release|Any CPU
	EndGlobalSection
	GlobalSection(SolutionProperties) = preSolution
		HideSolutionNode = FALSE
	EndGlobalSection
	GlobalSection(ExtensibilityGlobals) = postSolution
		SolutionGuid = {62606452-CEA0-4AF7-B27F-4F36D44276FD}
	EndGlobalSection
EndGlobal
