
Microsoft Visual Studio Solution File, Format Version 12.00
# Visual Studio Version 17
VisualStudioVersion = 17.4.33205.214
MinimumVisualStudioVersion = 10.0.40219.1
Project("{FAE04EC0-301F-11D3-BF4B-00C04F79EFBC}") = "VarbinaryStuff", "VarbinaryStuff.csproj", "{B63C1C8E-2316-4315-AEF7-90FFD95B1040}"
EndProject
Global
	GlobalSection(SolutionConfigurationPlatforms) = preSolution
		Debug|Any CPU = Debug|Any CPU
		Release|Any CPU = Release|Any CPU
	EndGlobalSection
	GlobalSection(ProjectConfigurationPlatforms) = postSolution
		{B63C1C8E-2316-4315-AEF7-90FFD95B1040}.Debug|Any CPU.ActiveCfg = Debug|Any CPU
		{B63C1C8E-2316-4315-AEF7-90FFD95B1040}.Debug|Any CPU.Build.0 = Debug|Any CPU
		{B63C1C8E-2316-4315-AEF7-90FFD95B1040}.Release|Any CPU.ActiveCfg = Release|Any CPU
		{B63C1C8E-2316-4315-AEF7-90FFD95B1040}.Release|Any CPU.Build.0 = Release|Any CPU
	EndGlobalSection
	GlobalSection(SolutionProperties) = preSolution
		HideSolutionNode = FALSE
	EndGlobalSection
	GlobalSection(ExtensibilityGlobals) = postSolution
		SolutionGuid = {F76C4AF2-CC95-45B8-9F48-16B5A2904EF6}
	EndGlobalSection
EndGlobal
